{
  "name": "minicode-26",
  "version": "1.0.0",
  "lockfileVersion": 1,
  "requires": true,
  "dependencies": {
    "threejs-miniprogram": {
      "version": "0.0.3",
      "resolved": "https://registry.nlark.com/threejs-miniprogram/download/threejs-miniprogram-0.0.3.tgz",
      "integrity": "sha1-3tog9sMg7oHonsoZtoMfcCUZuco="
    }
  }
}
